
Microsoft Visual Studio Solution File, Format Version 12.00
# Visual Studio Version 17
VisualStudioVersion = 17.8.34408.163
MinimumVisualStudioVersion = 10.0.40219.1
Project("{9A19103F-16F7-4668-BE54-9A1E7A4F7556}") = "TravelChat.Server", "TravelChat.Server\TravelChat.Server.csproj", "{00D2508C-5E9C-4D27-A68E-4B69B17A8580}"
EndProject
Project("{54A90642-561A-4BB1-A94E-469ADEE60C69}") = "travelchat.client", "travelchat.client\travelchat.client.esproj", "{10E06013-B955-4401-A741-1C1ED54DC89B}"
EndProject
Project("{FAE04EC0-301F-11D3-BF4B-00C04F79EFBC}") = "TravelChat.Application", "TravelChat.Application\TravelChat.Application.csproj", "{3EDEB8C4-53FE-4CAB-A13E-A72A7145AE78}"
EndProject
Global
	GlobalSection(SolutionConfigurationPlatforms) = preSolution
		Debug|Any CPU = Debug|Any CPU
		Release|Any CPU = Release|Any CPU
	EndGlobalSection
	GlobalSection(ProjectConfigurationPlatforms) = postSolution
		{00D2508C-5E9C-4D27-A68E-4B69B17A8580}.Debug|Any CPU.ActiveCfg = Debug|Any CPU
		{00D2508C-5E9C-4D27-A68E-4B69B17A8580}.Debug|Any CPU.Build.0 = Debug|Any CPU
		{00D2508C-5E9C-4D27-A68E-4B69B17A8580}.Release|Any CPU.ActiveCfg = Release|Any CPU
		{00D2508C-5E9C-4D27-A68E-4B69B17A8580}.Release|Any CPU.Build.0 = Release|Any CPU
		{10E06013-B955-4401-A741-1C1ED54DC89B}.Debug|Any CPU.ActiveCfg = Debug|Any CPU
		{10E06013-B955-4401-A741-1C1ED54DC89B}.Debug|Any CPU.Build.0 = Debug|Any CPU
		{10E06013-B955-4401-A741-1C1ED54DC89B}.Debug|Any CPU.Deploy.0 = Debug|Any CPU
		{10E06013-B955-4401-A741-1C1ED54DC89B}.Release|Any CPU.ActiveCfg = Release|Any CPU
		{10E06013-B955-4401-A741-1C1ED54DC89B}.Release|Any CPU.Build.0 = Release|Any CPU
		{10E06013-B955-4401-A741-1C1ED54DC89B}.Release|Any CPU.Deploy.0 = Release|Any CPU
		{3EDEB8C4-53FE-4CAB-A13E-A72A7145AE78}.Debug|Any CPU.ActiveCfg = Debug|Any CPU
		{3EDEB8C4-53FE-4CAB-A13E-A72A7145AE78}.Debug|Any CPU.Build.0 = Debug|Any CPU
		{3EDEB8C4-53FE-4CAB-A13E-A72A7145AE78}.Release|Any CPU.ActiveCfg = Release|Any CPU
		{3EDEB8C4-53FE-4CAB-A13E-A72A7145AE78}.Release|Any CPU.Build.0 = Release|Any CPU
	EndGlobalSection
	GlobalSection(SolutionProperties) = preSolution
		HideSolutionNode = FALSE
	EndGlobalSection
	GlobalSection(ExtensibilityGlobals) = postSolution
		SolutionGuid = {290FF921-317B-4508-A32C-4C3321AF713F}
	EndGlobalSection
EndGlobal
